
Microsoft Visual Studio Solution File, Format Version 12.00
# Visual Studio Version 16
VisualStudioVersion = 16.0.29509.3
MinimumVisualStudioVersion = 10.0.40219.1
Project("{FAE04EC0-301F-11D3-BF4B-00C04F79EFBC}") = "7.gyak", "7.gyak\7.gyak.csproj", "{8A709FFE-53D6-47DA-8FD9-C710F20EBBCB}"
EndProject
Global
	GlobalSection(SolutionConfigurationPlatforms) = preSolution
		Debug|Any CPU = Debug|Any CPU
		Release|Any CPU = Release|Any CPU
	EndGlobalSection
	GlobalSection(ProjectConfigurationPlatforms) = postSolution
		{8A709FFE-53D6-47DA-8FD9-C710F20EBBCB}.Debug|Any CPU.ActiveCfg = Debug|Any CPU
		{8A709FFE-53D6-47DA-8FD9-C710F20EBBCB}.Debug|Any CPU.Build.0 = Debug|Any CPU
		{8A709FFE-53D6-47DA-8FD9-C710F20EBBCB}.Release|Any CPU.ActiveCfg = Release|Any CPU
		{8A709FFE-53D6-47DA-8FD9-C710F20EBBCB}.Release|Any CPU.Build.0 = Release|Any CPU
	EndGlobalSection
	GlobalSection(SolutionProperties) = preSolution
		HideSolutionNode = FALSE
	EndGlobalSection
	GlobalSection(ExtensibilityGlobals) = postSolution
		SolutionGuid = {77477AC5-6F80-4BA8-BC89-8BA72AD0F8EE}
	EndGlobalSection
EndGlobal
