
Microsoft Visual Studio Solution File, Format Version 12.00
# Visual Studio Version 16
VisualStudioVersion = 16.0.29509.3
MinimumVisualStudioVersion = 10.0.40219.1
Project("{FAE04EC0-301F-11D3-BF4B-00C04F79EFBC}") = "UserMaintenance", "UserMaintenance\UserMaintenance.csproj", "{D4A79571-041A-4885-A836-FF1BCE976A1F}"
EndProject
Global
	GlobalSection(SolutionConfigurationPlatforms) = preSolution
		Debug|Any CPU = Debug|Any CPU
		Release|Any CPU = Release|Any CPU
	EndGlobalSection
	GlobalSection(ProjectConfigurationPlatforms) = postSolution
		{D4A79571-041A-4885-A836-FF1BCE976A1F}.Debug|Any CPU.ActiveCfg = Debug|Any CPU
		{D4A79571-041A-4885-A836-FF1BCE976A1F}.Debug|Any CPU.Build.0 = Debug|Any CPU
		{D4A79571-041A-4885-A836-FF1BCE976A1F}.Release|Any CPU.ActiveCfg = Release|Any CPU
		{D4A79571-041A-4885-A836-FF1BCE976A1F}.Release|Any CPU.Build.0 = Release|Any CPU
	EndGlobalSection
	GlobalSection(SolutionProperties) = preSolution
		HideSolutionNode = FALSE
	EndGlobalSection
	GlobalSection(ExtensibilityGlobals) = postSolution
		SolutionGuid = {1DE4365B-B6CC-4167-8056-ED5E7AF72419}
	EndGlobalSection
EndGlobal
