
Microsoft Visual Studio Solution File, Format Version 12.00
# Visual Studio Version 16
VisualStudioVersion = 16.0.29509.3
MinimumVisualStudioVersion = 10.0.40219.1
Project("{FAE04EC0-301F-11D3-BF4B-00C04F79EFBC}") = "5gyak", "5gyak\5gyak.csproj", "{36664E88-40CE-43F9-8118-F3F0B44FA7DD}"
EndProject
Global
	GlobalSection(SolutionConfigurationPlatforms) = preSolution
		Debug|Any CPU = Debug|Any CPU
		Release|Any CPU = Release|Any CPU
	EndGlobalSection
	GlobalSection(ProjectConfigurationPlatforms) = postSolution
		{36664E88-40CE-43F9-8118-F3F0B44FA7DD}.Debug|Any CPU.ActiveCfg = Debug|Any CPU
		{36664E88-40CE-43F9-8118-F3F0B44FA7DD}.Debug|Any CPU.Build.0 = Debug|Any CPU
		{36664E88-40CE-43F9-8118-F3F0B44FA7DD}.Release|Any CPU.ActiveCfg = Release|Any CPU
		{36664E88-40CE-43F9-8118-F3F0B44FA7DD}.Release|Any CPU.Build.0 = Release|Any CPU
	EndGlobalSection
	GlobalSection(SolutionProperties) = preSolution
		HideSolutionNode = FALSE
	EndGlobalSection
	GlobalSection(ExtensibilityGlobals) = postSolution
		SolutionGuid = {5A1A3C6F-7549-4574-892C-FA3410D50D45}
	EndGlobalSection
EndGlobal
